
Microsoft Visual Studio Solution File, Format Version 12.00
# Visual Studio Version 17
VisualStudioVersion = 17.2.32519.379
MinimumVisualStudioVersion = 10.0.40219.1
Project("{9A19103F-16F7-4668-BE54-9A1E7A4F7556}") = "Data", "Data\Data.csproj", "{1BAFFDED-562A-4237-BBC2-3D31542DABEA}"
EndProject
Project("{2150E333-8FDC-42A3-9474-1A3956D46DE8}") = "Aplication", "Aplication", "{FEC1FDD2-37DD-4C1A-B93A-6070F091448D}"
EndProject
Project("{2150E333-8FDC-42A3-9474-1A3956D46DE8}") = "Domain", "Domain", "{CC4E56B1-3913-4D64-A634-A6E1CD74E464}"
EndProject
Project("{2150E333-8FDC-42A3-9474-1A3956D46DE8}") = "Infrastructure", "Infrastructure", "{6D32552E-CE80-42B8-9951-64233C31CF69}"
EndProject
Project("{2150E333-8FDC-42A3-9474-1A3956D46DE8}") = "WebService", "WebService", "{F7A2BDD6-6CCC-4594-9DED-316BDACAEFEA}"
EndProject
Project("{2150E333-8FDC-42A3-9474-1A3956D46DE8}") = "Transversal", "Transversal", "{1306F1A7-3B14-404B-BEAC-F57884604A85}"
EndProject
Project("{9A19103F-16F7-4668-BE54-9A1E7A4F7556}") = "Infrastructure.Interface", "Interface\Infrastructure.Interface.csproj", "{DFB21352-B435-477B-8B82-B261F8C5B7AD}"
EndProject
Project("{9A19103F-16F7-4668-BE54-9A1E7A4F7556}") = "Entity", "Entity\Entity.csproj", "{DB11D616-3721-4A9C-B0E0-642D5ED8A5D3}"
EndProject
Project("{9A19103F-16F7-4668-BE54-9A1E7A4F7556}") = "BonplanWebService", "BonplanWebService\BonplanWebService.csproj", "{949BAA47-4F39-4386-91BD-1EA790FD0B8B}"
EndProject
Project("{9A19103F-16F7-4668-BE54-9A1E7A4F7556}") = "Infrastructure.Repository", "Repository\Infrastructure.Repository.csproj", "{F6F06D40-6C40-452D-BE1F-E6B6609B2BBF}"
EndProject
Project("{9A19103F-16F7-4668-BE54-9A1E7A4F7556}") = "Domain.Interface", "Domain.Interface\Domain.Interface.csproj", "{2636EF04-408E-46FE-A513-6E022F95189B}"
EndProject
Project("{9A19103F-16F7-4668-BE54-9A1E7A4F7556}") = "Domain.Core", "Domain.Core\Domain.Core.csproj", "{79FDDCBA-FFE3-4867-9526-8235A8F618F1}"
EndProject
Project("{9A19103F-16F7-4668-BE54-9A1E7A4F7556}") = "Aplication.main", "Aplication.main\Aplication.main.csproj", "{071886A0-9B7B-415B-821A-903A39F04647}"
EndProject
Project("{9A19103F-16F7-4668-BE54-9A1E7A4F7556}") = "Aplication.Interface", "Aplication.Interface\Aplication.Interface.csproj", "{CD2BEDC6-C95E-4433-BA68-CB8ACA227C62}"
EndProject
Project("{9A19103F-16F7-4668-BE54-9A1E7A4F7556}") = "Transversal.common", "Transversal.common\Transversal.common.csproj", "{5435DEC9-637B-4B58-AA5B-AF71030867BC}"
EndProject
Project("{9A19103F-16F7-4668-BE54-9A1E7A4F7556}") = "Aplication.Dto", "AplicationDto\Aplication.Dto.csproj", "{F7032EAB-1D75-4C02-9ECF-B1220451FAAE}"
EndProject
Project("{9A19103F-16F7-4668-BE54-9A1E7A4F7556}") = "Transversal.AutoMapper", "Transversal.AutoMapper\Transversal.AutoMapper.csproj", "{E4A1A4F7-7F8F-4BBB-B056-0F52AEF1BB43}"
EndProject
Project("{9A19103F-16F7-4668-BE54-9A1E7A4F7556}") = "Domain.Models", "Domain.Models\Domain.Models.csproj", "{EA860765-B17A-4DB7-940E-D66EA67D5EA3}"
EndProject
Global
	GlobalSection(SolutionConfigurationPlatforms) = preSolution
		Debug|Any CPU = Debug|Any CPU
		Release|Any CPU = Release|Any CPU
	EndGlobalSection
	GlobalSection(ProjectConfigurationPlatforms) = postSolution
		{1BAFFDED-562A-4237-BBC2-3D31542DABEA}.Debug|Any CPU.ActiveCfg = Debug|Any CPU
		{1BAFFDED-562A-4237-BBC2-3D31542DABEA}.Debug|Any CPU.Build.0 = Debug|Any CPU
		{1BAFFDED-562A-4237-BBC2-3D31542DABEA}.Release|Any CPU.ActiveCfg = Release|Any CPU
		{1BAFFDED-562A-4237-BBC2-3D31542DABEA}.Release|Any CPU.Build.0 = Release|Any CPU
		{DFB21352-B435-477B-8B82-B261F8C5B7AD}.Debug|Any CPU.ActiveCfg = Debug|Any CPU
		{DFB21352-B435-477B-8B82-B261F8C5B7AD}.Debug|Any CPU.Build.0 = Debug|Any CPU
		{DFB21352-B435-477B-8B82-B261F8C5B7AD}.Release|Any CPU.ActiveCfg = Release|Any CPU
		{DFB21352-B435-477B-8B82-B261F8C5B7AD}.Release|Any CPU.Build.0 = Release|Any CPU
		{DB11D616-3721-4A9C-B0E0-642D5ED8A5D3}.Debug|Any CPU.ActiveCfg = Debug|Any CPU
		{DB11D616-3721-4A9C-B0E0-642D5ED8A5D3}.Debug|Any CPU.Build.0 = Debug|Any CPU
		{DB11D616-3721-4A9C-B0E0-642D5ED8A5D3}.Release|Any CPU.ActiveCfg = Release|Any CPU
		{DB11D616-3721-4A9C-B0E0-642D5ED8A5D3}.Release|Any CPU.Build.0 = Release|Any CPU
		{949BAA47-4F39-4386-91BD-1EA790FD0B8B}.Debug|Any CPU.ActiveCfg = Debug|Any CPU
		{949BAA47-4F39-4386-91BD-1EA790FD0B8B}.Debug|Any CPU.Build.0 = Debug|Any CPU
		{949BAA47-4F39-4386-91BD-1EA790FD0B8B}.Release|Any CPU.ActiveCfg = Release|Any CPU
		{949BAA47-4F39-4386-91BD-1EA790FD0B8B}.Release|Any CPU.Build.0 = Release|Any CPU
		{F6F06D40-6C40-452D-BE1F-E6B6609B2BBF}.Debug|Any CPU.ActiveCfg = Debug|Any CPU
		{F6F06D40-6C40-452D-BE1F-E6B6609B2BBF}.Debug|Any CPU.Build.0 = Debug|Any CPU
		{F6F06D40-6C40-452D-BE1F-E6B6609B2BBF}.Release|Any CPU.ActiveCfg = Release|Any CPU
		{F6F06D40-6C40-452D-BE1F-E6B6609B2BBF}.Release|Any CPU.Build.0 = Release|Any CPU
		{2636EF04-408E-46FE-A513-6E022F95189B}.Debug|Any CPU.ActiveCfg = Debug|Any CPU
		{2636EF04-408E-46FE-A513-6E022F95189B}.Debug|Any CPU.Build.0 = Debug|Any CPU
		{2636EF04-408E-46FE-A513-6E022F95189B}.Release|Any CPU.ActiveCfg = Release|Any CPU
		{2636EF04-408E-46FE-A513-6E022F95189B}.Release|Any CPU.Build.0 = Release|Any CPU
		{79FDDCBA-FFE3-4867-9526-8235A8F618F1}.Debug|Any CPU.ActiveCfg = Debug|Any CPU
		{79FDDCBA-FFE3-4867-9526-8235A8F618F1}.Debug|Any CPU.Build.0 = Debug|Any CPU
		{79FDDCBA-FFE3-4867-9526-8235A8F618F1}.Release|Any CPU.ActiveCfg = Release|Any CPU
		{79FDDCBA-FFE3-4867-9526-8235A8F618F1}.Release|Any CPU.Build.0 = Release|Any CPU
		{071886A0-9B7B-415B-821A-903A39F04647}.Debug|Any CPU.ActiveCfg = Debug|Any CPU
		{071886A0-9B7B-415B-821A-903A39F04647}.Debug|Any CPU.Build.0 = Debug|Any CPU
		{071886A0-9B7B-415B-821A-903A39F04647}.Release|Any CPU.ActiveCfg = Release|Any CPU
		{071886A0-9B7B-415B-821A-903A39F04647}.Release|Any CPU.Build.0 = Release|Any CPU
		{CD2BEDC6-C95E-4433-BA68-CB8ACA227C62}.Debug|Any CPU.ActiveCfg = Debug|Any CPU
		{CD2BEDC6-C95E-4433-BA68-CB8ACA227C62}.Debug|Any CPU.Build.0 = Debug|Any CPU
		{CD2BEDC6-C95E-4433-BA68-CB8ACA227C62}.Release|Any CPU.ActiveCfg = Release|Any CPU
		{CD2BEDC6-C95E-4433-BA68-CB8ACA227C62}.Release|Any CPU.Build.0 = Release|Any CPU
		{5435DEC9-637B-4B58-AA5B-AF71030867BC}.Debug|Any CPU.ActiveCfg = Debug|Any CPU
		{5435DEC9-637B-4B58-AA5B-AF71030867BC}.Debug|Any CPU.Build.0 = Debug|Any CPU
		{5435DEC9-637B-4B58-AA5B-AF71030867BC}.Release|Any CPU.ActiveCfg = Release|Any CPU
		{5435DEC9-637B-4B58-AA5B-AF71030867BC}.Release|Any CPU.Build.0 = Release|Any CPU
		{F7032EAB-1D75-4C02-9ECF-B1220451FAAE}.Debug|Any CPU.ActiveCfg = Debug|Any CPU
		{F7032EAB-1D75-4C02-9ECF-B1220451FAAE}.Debug|Any CPU.Build.0 = Debug|Any CPU
		{F7032EAB-1D75-4C02-9ECF-B1220451FAAE}.Release|Any CPU.ActiveCfg = Release|Any CPU
		{F7032EAB-1D75-4C02-9ECF-B1220451FAAE}.Release|Any CPU.Build.0 = Release|Any CPU
		{E4A1A4F7-7F8F-4BBB-B056-0F52AEF1BB43}.Debug|Any CPU.ActiveCfg = Debug|Any CPU
		{E4A1A4F7-7F8F-4BBB-B056-0F52AEF1BB43}.Debug|Any CPU.Build.0 = Debug|Any CPU
		{E4A1A4F7-7F8F-4BBB-B056-0F52AEF1BB43}.Release|Any CPU.ActiveCfg = Release|Any CPU
		{E4A1A4F7-7F8F-4BBB-B056-0F52AEF1BB43}.Release|Any CPU.Build.0 = Release|Any CPU
		{EA860765-B17A-4DB7-940E-D66EA67D5EA3}.Debug|Any CPU.ActiveCfg = Debug|Any CPU
		{EA860765-B17A-4DB7-940E-D66EA67D5EA3}.Debug|Any CPU.Build.0 = Debug|Any CPU
		{EA860765-B17A-4DB7-940E-D66EA67D5EA3}.Release|Any CPU.ActiveCfg = Release|Any CPU
		{EA860765-B17A-4DB7-940E-D66EA67D5EA3}.Release|Any CPU.Build.0 = Release|Any CPU
	EndGlobalSection
	GlobalSection(SolutionProperties) = preSolution
		HideSolutionNode = FALSE
	EndGlobalSection
	GlobalSection(NestedProjects) = preSolution
		{1BAFFDED-562A-4237-BBC2-3D31542DABEA} = {6D32552E-CE80-42B8-9951-64233C31CF69}
		{DFB21352-B435-477B-8B82-B261F8C5B7AD} = {6D32552E-CE80-42B8-9951-64233C31CF69}
		{DB11D616-3721-4A9C-B0E0-642D5ED8A5D3} = {CC4E56B1-3913-4D64-A634-A6E1CD74E464}
		{949BAA47-4F39-4386-91BD-1EA790FD0B8B} = {F7A2BDD6-6CCC-4594-9DED-316BDACAEFEA}
		{F6F06D40-6C40-452D-BE1F-E6B6609B2BBF} = {6D32552E-CE80-42B8-9951-64233C31CF69}
		{2636EF04-408E-46FE-A513-6E022F95189B} = {CC4E56B1-3913-4D64-A634-A6E1CD74E464}
		{79FDDCBA-FFE3-4867-9526-8235A8F618F1} = {CC4E56B1-3913-4D64-A634-A6E1CD74E464}
		{071886A0-9B7B-415B-821A-903A39F04647} = {FEC1FDD2-37DD-4C1A-B93A-6070F091448D}
		{CD2BEDC6-C95E-4433-BA68-CB8ACA227C62} = {FEC1FDD2-37DD-4C1A-B93A-6070F091448D}
		{5435DEC9-637B-4B58-AA5B-AF71030867BC} = {1306F1A7-3B14-404B-BEAC-F57884604A85}
		{F7032EAB-1D75-4C02-9ECF-B1220451FAAE} = {FEC1FDD2-37DD-4C1A-B93A-6070F091448D}
		{E4A1A4F7-7F8F-4BBB-B056-0F52AEF1BB43} = {1306F1A7-3B14-404B-BEAC-F57884604A85}
		{EA860765-B17A-4DB7-940E-D66EA67D5EA3} = {CC4E56B1-3913-4D64-A634-A6E1CD74E464}
	EndGlobalSection
	GlobalSection(ExtensibilityGlobals) = postSolution
		SolutionGuid = {48D981E9-6B47-4C4F-B87F-A675C8E2F8EC}
	EndGlobalSection
EndGlobal
